<?xml version="1.0" encoding="utf-8"?>
<Project ToolsVersion="4.0" xmlns="http://schemas.microsoft.com/developer/msbuild/2003">
  <ItemGroup>
    <Filter Include="Source Files">
      <UniqueIdentifier>{4FC737F1-C7A5-4376-A066-2A32D752A2FF}</UniqueIdentifier>
      <Extensions>cpp;c;cc;cxx;def;odl;idl;hpj;bat;asm;asmx</Extensions>
    </Filter>
    <Filter Include="Header Files">
      <UniqueIdentifier>{93995380-89BD-4b04-88EB-625FBE52EBFB}</UniqueIdentifier>
      <Extensions>h;hh;hpp;hxx;hm;inl;inc;ipp;xsd</Extensions>
    </Filter>
    <Filter Include="Resource Files">
      <UniqueIdentifier>{67DA6AB6-F800-4c08-8B7A-83BB121AAD01}</UniqueIdentifier>
      <Extensions>rc;ico;cur;bmp;dlg;rc2;rct;bin;rgs;gif;jpg;jpeg;jpe;resx;tiff;tif;png;wav;mfcribbon-ms</Extensions>
    </Filter>
    <Filter Include="Source Files\Vector">
      <UniqueIdentifier>{82e1642d-317e-47ec-b8bc-21fbd0b36345}</UniqueIdentifier>
    </Filter>
    <Filter Include="Source Files\Structures">
      <UniqueIdentifier>{6516a69a-9a4f-45a1-aa67-9181b85c5f01}</UniqueIdentifier>
    </Filter>
    <Filter Include="Header Files\Structures">
      <UniqueIdentifier>{c97f0ae0-31ed-4759-b835-d6fd6c735785}</UniqueIdentifier>
    </Filter>
    <Filter Include="Header Files\Vector">
      <UniqueIdentifier>{ac9a229f-3589-4bdc-b542-d932b041a2c4}</UniqueIdentifier>
    </Filter>
    <Filter Include="Header Files\Interfaces">
      <UniqueIdentifier>{2ae3d0b6-e9b1-4a5b-a992-7ea18f6eb4dd}</UniqueIdentifier>
    </Filter>
    <Filter Include="Header Files\Memory">
      <UniqueIdentifier>{e4ebc30d-8e31-46c3-88fc-d5190e48f952}</UniqueIdentifier>
    </Filter>
    <Filter Include="Header Files\Console">
      <UniqueIdentifier>{84a62d76-4d6d-4a7a-a9ad-6767fb019b12}</UniqueIdentifier>
    </Filter>
    <Filter Include="Header Files\Physics">
      <UniqueIdentifier>{fbb12c27-00cd-4ea2-85c0-9c208359ac8d}</UniqueIdentifier>
    </Filter>
    <Filter Include="Header Files\Graphics">
      <UniqueIdentifier>{29896010-b725-4fd0-936b-9e16d7d94f0c}</UniqueIdentifier>
    </Filter>
    <Filter Include="Header Files\Lua">
      <UniqueIdentifier>{49f3c990-df6e-4157-9589-7d4c564406ad}</UniqueIdentifier>
    </Filter>
    <Filter Include="Header Files\Matrix">
      <UniqueIdentifier>{7085831e-2675-4bc9-8605-36ca5d02dce5}</UniqueIdentifier>
    </Filter>
    <Filter Include="Header Files\Collision">
      <UniqueIdentifier>{b50e7e79-1cb1-49d5-a820-48ada3070f33}</UniqueIdentifier>
    </Filter>
    <Filter Include="Header Files\Messaging">
      <UniqueIdentifier>{577b69cc-84a9-4c2f-b798-f492b408d0a2}</UniqueIdentifier>
    </Filter>
    <Filter Include="Header Files\Graphics\OGL">
      <UniqueIdentifier>{6963465b-23ad-4a00-bf3d-1a0fb630eabb}</UniqueIdentifier>
    </Filter>
    <Filter Include="Header Files\Graphics\OGL\common">
      <UniqueIdentifier>{cc446a12-859e-4aa5-ab5b-799e9312c130}</UniqueIdentifier>
    </Filter>
    <Filter Include="Header Files\Graphics\OGL\shaders">
      <UniqueIdentifier>{e4a0f7c1-c695-4f95-83dd-9c19e7d92701}</UniqueIdentifier>
    </Filter>
  </ItemGroup>
  <ItemGroup>
    <ClCompile Include="DynamicArray.cpp">
      <Filter>Source Files\Structures</Filter>
    </ClCompile>
    <ClCompile Include="ConsolePrint.Win32.cpp">
      <Filter>Source Files</Filter>
    </ClCompile>
    <ClCompile Include="common\controls.cpp">
      <Filter>Header Files\Graphics\OGL\common</Filter>
    </ClCompile>
    <ClCompile Include="common\objloader.cpp">
      <Filter>Header Files\Graphics\OGL\common</Filter>
    </ClCompile>
    <ClCompile Include="common\quaternion_utils.cpp">
      <Filter>Header Files\Graphics\OGL\common</Filter>
    </ClCompile>
    <ClCompile Include="common\shader.cpp">
      <Filter>Header Files\Graphics\OGL\common</Filter>
    </ClCompile>
    <ClCompile Include="common\tangentspace.cpp">
      <Filter>Header Files\Graphics\OGL\common</Filter>
    </ClCompile>
    <ClCompile Include="common\text2D.cpp">
      <Filter>Header Files\Graphics\OGL\common</Filter>
    </ClCompile>
    <ClCompile Include="common\texture.cpp">
      <Filter>Header Files\Graphics\OGL\common</Filter>
    </ClCompile>
    <ClCompile Include="common\vboindexer.cpp">
      <Filter>Header Files\Graphics\OGL\common</Filter>
    </ClCompile>
  </ItemGroup>
  <ItemGroup>
    <ClInclude Include="DynamicArray.h">
      <Filter>Header Files\Structures</Filter>
    </ClInclude>
    <ClInclude Include="Point2D.h">
      <Filter>Header Files\Vector</Filter>
    </ClInclude>
    <ClInclude Include="Point2D-inl.h">
      <Filter>Header Files\Vector</Filter>
    </ClInclude>
    <ClInclude Include="ActorController.h">
      <Filter>Header Files\Interfaces</Filter>
    </ClInclude>
    <ClInclude Include="GameObject.h">
      <Filter>Header Files\Interfaces</Filter>
    </ClInclude>
    <ClInclude Include="ConsolePrint.h">
      <Filter>Header Files\Console</Filter>
    </ClInclude>
    <ClInclude Include="HeapManager.h">
      <Filter>Header Files\Memory</Filter>
    </ClInclude>
    <ClInclude Include="Physics2D.h">
      <Filter>Header Files\Physics</Filter>
    </ClInclude>
    <ClInclude Include="PhysicsComponent.h">
      <Filter>Header Files\Physics</Filter>
    </ClInclude>
    <ClInclude Include="SmartPointer.h">
      <Filter>Header Files\Memory</Filter>
    </ClInclude>
    <ClInclude Include="Vector3.h">
      <Filter>Header Files\Vector</Filter>
    </ClInclude>
    <ClInclude Include="LuaTools.h">
      <Filter>Header Files\Lua</Filter>
    </ClInclude>
    <ClInclude Include="Matrix4.h">
      <Filter>Header Files\Matrix</Filter>
    </ClInclude>
    <ClInclude Include="AABB.h">
      <Filter>Header Files\Collision</Filter>
    </ClInclude>
    <ClInclude Include="Vector2.h">
      <Filter>Header Files\Vector</Filter>
    </ClInclude>
    <ClInclude Include="Collision.h">
      <Filter>Header Files\Collision</Filter>
    </ClInclude>
    <ClInclude Include="Transform.h">
      <Filter>Header Files\Interfaces</Filter>
    </ClInclude>
    <ClInclude Include="MessagingSystem.h">
      <Filter>Header Files\Messaging</Filter>
    </ClInclude>
    <ClInclude Include="GLibRender.h">
      <Filter>Header Files\Graphics</Filter>
    </ClInclude>
    <ClInclude Include="common\controls.hpp">
      <Filter>Header Files\Graphics\OGL\common</Filter>
    </ClInclude>
    <ClInclude Include="common\objloader.hpp">
      <Filter>Header Files\Graphics\OGL\common</Filter>
    </ClInclude>
    <ClInclude Include="common\quaternion_utils.hpp">
      <Filter>Header Files\Graphics\OGL\common</Filter>
    </ClInclude>
    <ClInclude Include="common\shader.hpp">
      <Filter>Header Files\Graphics\OGL\common</Filter>
    </ClInclude>
    <ClInclude Include="common\tangentspace.hpp">
      <Filter>Header Files\Graphics\OGL\common</Filter>
    </ClInclude>
    <ClInclude Include="common\text2D.hpp">
      <Filter>Header Files\Graphics\OGL\common</Filter>
    </ClInclude>
    <ClInclude Include="common\texture.hpp">
      <Filter>Header Files\Graphics\OGL\common</Filter>
    </ClInclude>
    <ClInclude Include="common\vboindexer.hpp">
      <Filter>Header Files\Graphics\OGL\common</Filter>
    </ClInclude>
    <ClInclude Include="OpenGLRender.h">
      <Filter>Header Files\Graphics\OGL</Filter>
    </ClInclude>
  </ItemGroup>
  <ItemGroup>
    <None Include="packages.config" />
    <None Include="shaders\fs.fragmentshader">
      <Filter>Header Files\Graphics\OGL\shaders</Filter>
    </None>
    <None Include="shaders\vs.vertexshader">
      <Filter>Header Files\Graphics\OGL\shaders</Filter>
    </None>
  </ItemGroup>
</Project>