Microsoft Visual Studio Solution File, Format Version 12.00
# Visual Studio 15
VisualStudioVersion = 15.0.27703.2035
MinimumVisualStudioVersion = 10.0.40219.1
Project("{8BC9CEB8-8B4A-11D0-8D11-00A0C91BC942}") = "Engine", "Source\Engine\Engine.vcxproj", "{CF80EE93-DD8A-4F24-8541-328210BB9EC3}"
EndProject
Project("{2150E333-8FDC-42A3-9474-1A3956D46DE8}") = "Source", "Source", "{7FD23BAA-5718-4950-9FF5-916DDE7B47F2}"
EndProject
Project("{2150E333-8FDC-42A3-9474-1A3956D46DE8}") = "External", "External", "{C9CDD78F-D300-48E5-85D6-D5E2DB34E988}"
EndProject
Project("{2150E333-8FDC-42A3-9474-1A3956D46DE8}") = "Unit Tests", "Unit Tests", "{085CC70B-DDF3-477C-AB16-8061ABB1D52F}"
EndProject
Project("{8BC9CEB8-8B4A-11D0-8D11-00A0C91BC942}") = "GLib", "External\GLib\GLib.vcxproj", "{B2AB67DE-B7FA-42BA-B060-959487392AEA}"
EndProject
Project("{8BC9CEB8-8B4A-11D0-8D11-00A0C91BC942}") = "Lua-WinLibs", "External\Lua\Lua-WinLibs.vcxproj", "{BDF98E69-FC1B-4010-B9D7-8DB75E26A245}"
EndProject
Project("{8BC9CEB8-8B4A-11D0-8D11-00A0C91BC942}") = "Falling Cats", "Source\Game\Game.vcxproj", "{27A8B6EA-2D8E-4A30-8C71-FAC81A3519CD}"
EndProject
Project("{8BC9CEB8-8B4A-11D0-8D11-00A0C91BC942}") = "AABBTest", "UnitTests\AABBTest\AABBTest.vcxproj", "{384AA2D7-6A74-4907-A479-2E358F97142A}"
EndProject
Project("{8BC9CEB8-8B4A-11D0-8D11-00A0C91BC942}") = "CollisionProfilingTest", "UnitTests\CollisionProfilingTest\CollisionProfilingTest.vcxproj", "{9CE633CC-191F-4F2A-919B-9615A449191F}"
EndProject
Project("{8BC9CEB8-8B4A-11D0-8D11-00A0C91BC942}") = "CollisionResponseTest", "UnitTests\CollisionResponseTest\CollisionResponseTest.vcxproj", "{6AD02856-FECF-49B1-A553-5763B7207A00}"
EndProject
Project("{8BC9CEB8-8B4A-11D0-8D11-00A0C91BC942}") = "GLibTest", "UnitTests\GLibTest\GLibTest.vcxproj", "{983BA8F0-73F6-41AA-B41A-B9F4DE771982}"
EndProject
Project("{8BC9CEB8-8B4A-11D0-8D11-00A0C91BC942}") = "ConstCorrectUnitTest", "UnitTests\ConstCorrectUnitTest\ConstCorrectUnitTest.vcxproj", "{75F4F85E-1028-4F78-B3CD-7BB7522C8939}"
EndProject
Project("{8BC9CEB8-8B4A-11D0-8D11-00A0C91BC942}") = "HeapManagerTest", "UnitTests\HeapManagerUnitTest\HeapManagerTest.vcxproj", "{F3A521CF-EB9D-4BC3-96B2-D3082257F458}"
EndProject
Project("{8BC9CEB8-8B4A-11D0-8D11-00A0C91BC942}") = "LuaTest", "UnitTests\LuaTest\LuaTest.vcxproj", "{B98BDCF5-96DC-4C9F-AF21-525A3A01E640}"
EndProject
Project("{8BC9CEB8-8B4A-11D0-8D11-00A0C91BC942}") = "MemoryLeakTester", "UnitTests\MemoryLeakTester\MemoryLeakTester.vcxproj", "{F88A62C2-29AC-4907-B35E-3B84D214BF7F}"
EndProject
Project("{8BC9CEB8-8B4A-11D0-8D11-00A0C91BC942}") = "MessagingTest", "UnitTests\MessagingTest\MessagingTest.vcxproj", "{73F9AA14-9582-4ACD-906F-B34331D19209}"
EndProject
Project("{8BC9CEB8-8B4A-11D0-8D11-00A0C91BC942}") = "SmartPointerTest", "UnitTests\SmartPointerTest\SmartPointerTest.vcxproj", "{873C297B-4C90-47FD-A862-8C951CF90866}"
EndProject
Project("{8BC9CEB8-8B4A-11D0-8D11-00A0C91BC942}") = "TransformTest", "UnitTests\Transform Test\Transform Test.vcxproj", "{CA153F70-ECED-459D-9BC9-7C7715127483}"
EndProject
Project("{8BC9CEB8-8B4A-11D0-8D11-00A0C91BC942}") = "OpenGL Test", "Source\OpenGL Test\OpenGL Test.vcxproj", "{0AB16C9D-3A3D-4FAF-BB30-193BB1E0E405}"
EndProject
Global
	GlobalSection(SolutionConfigurationPlatforms) = preSolution
		Debug|Win32 = Debug|Win32
		Debug|x64 = Debug|x64
		Debug|x86 = Debug|x86
		MinSizeRel|Win32 = MinSizeRel|Win32
		MinSizeRel|x64 = MinSizeRel|x64
		MinSizeRel|x86 = MinSizeRel|x86
		Release|Win32 = Release|Win32
		Release|x64 = Release|x64
		Release|x86 = Release|x86
		RelWithDebInfo|Win32 = RelWithDebInfo|Win32
		RelWithDebInfo|x64 = RelWithDebInfo|x64
		RelWithDebInfo|x86 = RelWithDebInfo|x86
	EndGlobalSection
	GlobalSection(ProjectConfigurationPlatforms) = postSolution
		{CF80EE93-DD8A-4F24-8541-328210BB9EC3}.Debug|Win32.ActiveCfg = Debug|Win32
		{CF80EE93-DD8A-4F24-8541-328210BB9EC3}.Debug|Win32.Build.0 = Debug|Win32
		{CF80EE93-DD8A-4F24-8541-328210BB9EC3}.Debug|x64.ActiveCfg = Debug|x64
		{CF80EE93-DD8A-4F24-8541-328210BB9EC3}.Debug|x64.Build.0 = Debug|x64
		{CF80EE93-DD8A-4F24-8541-328210BB9EC3}.Debug|x86.ActiveCfg = Debug|Win32
		{CF80EE93-DD8A-4F24-8541-328210BB9EC3}.Debug|x86.Build.0 = Debug|Win32
		{CF80EE93-DD8A-4F24-8541-328210BB9EC3}.MinSizeRel|Win32.ActiveCfg = Release|Win32
		{CF80EE93-DD8A-4F24-8541-328210BB9EC3}.MinSizeRel|Win32.Build.0 = Release|Win32
		{CF80EE93-DD8A-4F24-8541-328210BB9EC3}.MinSizeRel|x64.ActiveCfg = Release|x64
		{CF80EE93-DD8A-4F24-8541-328210BB9EC3}.MinSizeRel|x64.Build.0 = Release|x64
		{CF80EE93-DD8A-4F24-8541-328210BB9EC3}.MinSizeRel|x86.ActiveCfg = Release|Win32
		{CF80EE93-DD8A-4F24-8541-328210BB9EC3}.MinSizeRel|x86.Build.0 = Release|Win32
		{CF80EE93-DD8A-4F24-8541-328210BB9EC3}.Release|Win32.ActiveCfg = Release|Win32
		{CF80EE93-DD8A-4F24-8541-328210BB9EC3}.Release|Win32.Build.0 = Release|Win32
		{CF80EE93-DD8A-4F24-8541-328210BB9EC3}.Release|x64.ActiveCfg = Release|x64
		{CF80EE93-DD8A-4F24-8541-328210BB9EC3}.Release|x64.Build.0 = Release|x64
		{CF80EE93-DD8A-4F24-8541-328210BB9EC3}.Release|x86.ActiveCfg = Release|Win32
		{CF80EE93-DD8A-4F24-8541-328210BB9EC3}.Release|x86.Build.0 = Release|Win32
		{CF80EE93-DD8A-4F24-8541-328210BB9EC3}.RelWithDebInfo|Win32.ActiveCfg = Release|Win32
		{CF80EE93-DD8A-4F24-8541-328210BB9EC3}.RelWithDebInfo|Win32.Build.0 = Release|Win32
		{CF80EE93-DD8A-4F24-8541-328210BB9EC3}.RelWithDebInfo|x64.ActiveCfg = Release|x64
		{CF80EE93-DD8A-4F24-8541-328210BB9EC3}.RelWithDebInfo|x64.Build.0 = Release|x64
		{CF80EE93-DD8A-4F24-8541-328210BB9EC3}.RelWithDebInfo|x86.ActiveCfg = Release|Win32
		{CF80EE93-DD8A-4F24-8541-328210BB9EC3}.RelWithDebInfo|x86.Build.0 = Release|Win32
		{B2AB67DE-B7FA-42BA-B060-959487392AEA}.Debug|Win32.ActiveCfg = Debug|Win32
		{B2AB67DE-B7FA-42BA-B060-959487392AEA}.Debug|Win32.Build.0 = Debug|Win32
		{B2AB67DE-B7FA-42BA-B060-959487392AEA}.Debug|x64.ActiveCfg = Debug|x64
		{B2AB67DE-B7FA-42BA-B060-959487392AEA}.Debug|x64.Build.0 = Debug|x64
		{B2AB67DE-B7FA-42BA-B060-959487392AEA}.Debug|x86.ActiveCfg = Debug|Win32
		{B2AB67DE-B7FA-42BA-B060-959487392AEA}.Debug|x86.Build.0 = Debug|Win32
		{B2AB67DE-B7FA-42BA-B060-959487392AEA}.MinSizeRel|Win32.ActiveCfg = Release|Win32
		{B2AB67DE-B7FA-42BA-B060-959487392AEA}.MinSizeRel|Win32.Build.0 = Release|Win32
		{B2AB67DE-B7FA-42BA-B060-959487392AEA}.MinSizeRel|x64.ActiveCfg = Release|x64
		{B2AB67DE-B7FA-42BA-B060-959487392AEA}.MinSizeRel|x64.Build.0 = Release|x64
		{B2AB67DE-B7FA-42BA-B060-959487392AEA}.MinSizeRel|x86.ActiveCfg = Release|Win32
		{B2AB67DE-B7FA-42BA-B060-959487392AEA}.MinSizeRel|x86.Build.0 = Release|Win32
		{B2AB67DE-B7FA-42BA-B060-959487392AEA}.Release|Win32.ActiveCfg = Release|Win32
		{B2AB67DE-B7FA-42BA-B060-959487392AEA}.Release|Win32.Build.0 = Release|Win32
		{B2AB67DE-B7FA-42BA-B060-959487392AEA}.Release|x64.ActiveCfg = Release|x64
		{B2AB67DE-B7FA-42BA-B060-959487392AEA}.Release|x64.Build.0 = Release|x64
		{B2AB67DE-B7FA-42BA-B060-959487392AEA}.Release|x86.ActiveCfg = Release|Win32
		{B2AB67DE-B7FA-42BA-B060-959487392AEA}.Release|x86.Build.0 = Release|Win32
		{B2AB67DE-B7FA-42BA-B060-959487392AEA}.RelWithDebInfo|Win32.ActiveCfg = Release|Win32
		{B2AB67DE-B7FA-42BA-B060-959487392AEA}.RelWithDebInfo|Win32.Build.0 = Release|Win32
		{B2AB67DE-B7FA-42BA-B060-959487392AEA}.RelWithDebInfo|x64.ActiveCfg = Release|x64
		{B2AB67DE-B7FA-42BA-B060-959487392AEA}.RelWithDebInfo|x64.Build.0 = Release|x64
		{B2AB67DE-B7FA-42BA-B060-959487392AEA}.RelWithDebInfo|x86.ActiveCfg = Release|Win32
		{B2AB67DE-B7FA-42BA-B060-959487392AEA}.RelWithDebInfo|x86.Build.0 = Release|Win32
		{BDF98E69-FC1B-4010-B9D7-8DB75E26A245}.Debug|Win32.ActiveCfg = Debug|Win32
		{BDF98E69-FC1B-4010-B9D7-8DB75E26A245}.Debug|Win32.Build.0 = Debug|Win32
		{BDF98E69-FC1B-4010-B9D7-8DB75E26A245}.Debug|x64.ActiveCfg = Debug|x64
		{BDF98E69-FC1B-4010-B9D7-8DB75E26A245}.Debug|x64.Build.0 = Debug|x64
		{BDF98E69-FC1B-4010-B9D7-8DB75E26A245}.Debug|x86.ActiveCfg = Debug|Win32
		{BDF98E69-FC1B-4010-B9D7-8DB75E26A245}.Debug|x86.Build.0 = Debug|Win32
		{BDF98E69-FC1B-4010-B9D7-8DB75E26A245}.MinSizeRel|Win32.ActiveCfg = Release|Win32
		{BDF98E69-FC1B-4010-B9D7-8DB75E26A245}.MinSizeRel|Win32.Build.0 = Release|Win32
		{BDF98E69-FC1B-4010-B9D7-8DB75E26A245}.MinSizeRel|x64.ActiveCfg = Release|x64
		{BDF98E69-FC1B-4010-B9D7-8DB75E26A245}.MinSizeRel|x64.Build.0 = Release|x64
		{BDF98E69-FC1B-4010-B9D7-8DB75E26A245}.MinSizeRel|x86.ActiveCfg = Release|Win32
		{BDF98E69-FC1B-4010-B9D7-8DB75E26A245}.MinSizeRel|x86.Build.0 = Release|Win32
		{BDF98E69-FC1B-4010-B9D7-8DB75E26A245}.Release|Win32.ActiveCfg = Release|Win32
		{BDF98E69-FC1B-4010-B9D7-8DB75E26A245}.Release|Win32.Build.0 = Release|Win32
		{BDF98E69-FC1B-4010-B9D7-8DB75E26A245}.Release|x64.ActiveCfg = Release|x64
		{BDF98E69-FC1B-4010-B9D7-8DB75E26A245}.Release|x64.Build.0 = Release|x64
		{BDF98E69-FC1B-4010-B9D7-8DB75E26A245}.Release|x86.ActiveCfg = Release|Win32
		{BDF98E69-FC1B-4010-B9D7-8DB75E26A245}.Release|x86.Build.0 = Release|Win32
		{BDF98E69-FC1B-4010-B9D7-8DB75E26A245}.RelWithDebInfo|Win32.ActiveCfg = Release|Win32
		{BDF98E69-FC1B-4010-B9D7-8DB75E26A245}.RelWithDebInfo|Win32.Build.0 = Release|Win32
		{BDF98E69-FC1B-4010-B9D7-8DB75E26A245}.RelWithDebInfo|x64.ActiveCfg = Release|x64
		{BDF98E69-FC1B-4010-B9D7-8DB75E26A245}.RelWithDebInfo|x64.Build.0 = Release|x64
		{BDF98E69-FC1B-4010-B9D7-8DB75E26A245}.RelWithDebInfo|x86.ActiveCfg = Release|Win32
		{BDF98E69-FC1B-4010-B9D7-8DB75E26A245}.RelWithDebInfo|x86.Build.0 = Release|Win32
		{27A8B6EA-2D8E-4A30-8C71-FAC81A3519CD}.Debug|Win32.ActiveCfg = Debug|Win32
		{27A8B6EA-2D8E-4A30-8C71-FAC81A3519CD}.Debug|Win32.Build.0 = Debug|Win32
		{27A8B6EA-2D8E-4A30-8C71-FAC81A3519CD}.Debug|x64.ActiveCfg = Debug|x64
		{27A8B6EA-2D8E-4A30-8C71-FAC81A3519CD}.Debug|x64.Build.0 = Debug|x64
		{27A8B6EA-2D8E-4A30-8C71-FAC81A3519CD}.Debug|x86.ActiveCfg = Debug|Win32
		{27A8B6EA-2D8E-4A30-8C71-FAC81A3519CD}.Debug|x86.Build.0 = Debug|Win32
		{27A8B6EA-2D8E-4A30-8C71-FAC81A3519CD}.MinSizeRel|Win32.ActiveCfg = Release|Win32
		{27A8B6EA-2D8E-4A30-8C71-FAC81A3519CD}.MinSizeRel|Win32.Build.0 = Release|Win32
		{27A8B6EA-2D8E-4A30-8C71-FAC81A3519CD}.MinSizeRel|x64.ActiveCfg = Release|x64
		{27A8B6EA-2D8E-4A30-8C71-FAC81A3519CD}.MinSizeRel|x64.Build.0 = Release|x64
		{27A8B6EA-2D8E-4A30-8C71-FAC81A3519CD}.MinSizeRel|x86.ActiveCfg = Release|Win32
		{27A8B6EA-2D8E-4A30-8C71-FAC81A3519CD}.MinSizeRel|x86.Build.0 = Release|Win32
		{27A8B6EA-2D8E-4A30-8C71-FAC81A3519CD}.Release|Win32.ActiveCfg = Release|Win32
		{27A8B6EA-2D8E-4A30-8C71-FAC81A3519CD}.Release|Win32.Build.0 = Release|Win32
		{27A8B6EA-2D8E-4A30-8C71-FAC81A3519CD}.Release|x64.ActiveCfg = Release|x64
		{27A8B6EA-2D8E-4A30-8C71-FAC81A3519CD}.Release|x64.Build.0 = Release|x64
		{27A8B6EA-2D8E-4A30-8C71-FAC81A3519CD}.Release|x86.ActiveCfg = Release|Win32
		{27A8B6EA-2D8E-4A30-8C71-FAC81A3519CD}.Release|x86.Build.0 = Release|Win32
		{27A8B6EA-2D8E-4A30-8C71-FAC81A3519CD}.RelWithDebInfo|Win32.ActiveCfg = Release|Win32
		{27A8B6EA-2D8E-4A30-8C71-FAC81A3519CD}.RelWithDebInfo|Win32.Build.0 = Release|Win32
		{27A8B6EA-2D8E-4A30-8C71-FAC81A3519CD}.RelWithDebInfo|x64.ActiveCfg = Release|x64
		{27A8B6EA-2D8E-4A30-8C71-FAC81A3519CD}.RelWithDebInfo|x64.Build.0 = Release|x64
		{27A8B6EA-2D8E-4A30-8C71-FAC81A3519CD}.RelWithDebInfo|x86.ActiveCfg = Release|Win32
		{27A8B6EA-2D8E-4A30-8C71-FAC81A3519CD}.RelWithDebInfo|x86.Build.0 = Release|Win32
		{384AA2D7-6A74-4907-A479-2E358F97142A}.Debug|Win32.ActiveCfg = Debug|Win32
		{384AA2D7-6A74-4907-A479-2E358F97142A}.Debug|Win32.Build.0 = Debug|Win32
		{384AA2D7-6A74-4907-A479-2E358F97142A}.Debug|x64.ActiveCfg = Debug|x64
		{384AA2D7-6A74-4907-A479-2E358F97142A}.Debug|x64.Build.0 = Debug|x64
		{384AA2D7-6A74-4907-A479-2E358F97142A}.Debug|x86.ActiveCfg = Debug|Win32
		{384AA2D7-6A74-4907-A479-2E358F97142A}.Debug|x86.Build.0 = Debug|Win32
		{384AA2D7-6A74-4907-A479-2E358F97142A}.MinSizeRel|Win32.ActiveCfg = Release|Win32
		{384AA2D7-6A74-4907-A479-2E358F97142A}.MinSizeRel|Win32.Build.0 = Release|Win32
		{384AA2D7-6A74-4907-A479-2E358F97142A}.MinSizeRel|x64.ActiveCfg = Release|x64
		{384AA2D7-6A74-4907-A479-2E358F97142A}.MinSizeRel|x64.Build.0 = Release|x64
		{384AA2D7-6A74-4907-A479-2E358F97142A}.MinSizeRel|x86.ActiveCfg = Release|Win32
		{384AA2D7-6A74-4907-A479-2E358F97142A}.MinSizeRel|x86.Build.0 = Release|Win32
		{384AA2D7-6A74-4907-A479-2E358F97142A}.Release|Win32.ActiveCfg = Release|Win32
		{384AA2D7-6A74-4907-A479-2E358F97142A}.Release|Win32.Build.0 = Release|Win32
		{384AA2D7-6A74-4907-A479-2E358F97142A}.Release|x64.ActiveCfg = Release|x64
		{384AA2D7-6A74-4907-A479-2E358F97142A}.Release|x64.Build.0 = Release|x64
		{384AA2D7-6A74-4907-A479-2E358F97142A}.Release|x86.ActiveCfg = Release|Win32
		{384AA2D7-6A74-4907-A479-2E358F97142A}.Release|x86.Build.0 = Release|Win32
		{384AA2D7-6A74-4907-A479-2E358F97142A}.RelWithDebInfo|Win32.ActiveCfg = Release|Win32
		{384AA2D7-6A74-4907-A479-2E358F97142A}.RelWithDebInfo|Win32.Build.0 = Release|Win32
		{384AA2D7-6A74-4907-A479-2E358F97142A}.RelWithDebInfo|x64.ActiveCfg = Release|x64
		{384AA2D7-6A74-4907-A479-2E358F97142A}.RelWithDebInfo|x64.Build.0 = Release|x64
		{384AA2D7-6A74-4907-A479-2E358F97142A}.RelWithDebInfo|x86.ActiveCfg = Release|Win32
		{384AA2D7-6A74-4907-A479-2E358F97142A}.RelWithDebInfo|x86.Build.0 = Release|Win32
		{9CE633CC-191F-4F2A-919B-9615A449191F}.Debug|Win32.ActiveCfg = Debug|Win32
		{9CE633CC-191F-4F2A-919B-9615A449191F}.Debug|Win32.Build.0 = Debug|Win32
		{9CE633CC-191F-4F2A-919B-9615A449191F}.Debug|x64.ActiveCfg = Debug|x64
		{9CE633CC-191F-4F2A-919B-9615A449191F}.Debug|x64.Build.0 = Debug|x64
		{9CE633CC-191F-4F2A-919B-9615A449191F}.Debug|x86.ActiveCfg = Debug|Win32
		{9CE633CC-191F-4F2A-919B-9615A449191F}.Debug|x86.Build.0 = Debug|Win32
		{9CE633CC-191F-4F2A-919B-9615A449191F}.MinSizeRel|Win32.ActiveCfg = Release|Win32
		{9CE633CC-191F-4F2A-919B-9615A449191F}.MinSizeRel|Win32.Build.0 = Release|Win32
		{9CE633CC-191F-4F2A-919B-9615A449191F}.MinSizeRel|x64.ActiveCfg = Release|x64
		{9CE633CC-191F-4F2A-919B-9615A449191F}.MinSizeRel|x64.Build.0 = Release|x64
		{9CE633CC-191F-4F2A-919B-9615A449191F}.MinSizeRel|x86.ActiveCfg = Release|Win32
		{9CE633CC-191F-4F2A-919B-9615A449191F}.MinSizeRel|x86.Build.0 = Release|Win32
		{9CE633CC-191F-4F2A-919B-9615A449191F}.Release|Win32.ActiveCfg = Release|Win32
		{9CE633CC-191F-4F2A-919B-9615A449191F}.Release|Win32.Build.0 = Release|Win32
		{9CE633CC-191F-4F2A-919B-9615A449191F}.Release|x64.ActiveCfg = Release|x64
		{9CE633CC-191F-4F2A-919B-9615A449191F}.Release|x64.Build.0 = Release|x64
		{9CE633CC-191F-4F2A-919B-9615A449191F}.Release|x86.ActiveCfg = Release|Win32
		{9CE633CC-191F-4F2A-919B-9615A449191F}.Release|x86.Build.0 = Release|Win32
		{9CE633CC-191F-4F2A-919B-9615A449191F}.RelWithDebInfo|Win32.ActiveCfg = Release|Win32
		{9CE633CC-191F-4F2A-919B-9615A449191F}.RelWithDebInfo|Win32.Build.0 = Release|Win32
		{9CE633CC-191F-4F2A-919B-9615A449191F}.RelWithDebInfo|x64.ActiveCfg = Release|x64
		{9CE633CC-191F-4F2A-919B-9615A449191F}.RelWithDebInfo|x64.Build.0 = Release|x64
		{9CE633CC-191F-4F2A-919B-9615A449191F}.RelWithDebInfo|x86.ActiveCfg = Release|Win32
		{9CE633CC-191F-4F2A-919B-9615A449191F}.RelWithDebInfo|x86.Build.0 = Release|Win32
		{6AD02856-FECF-49B1-A553-5763B7207A00}.Debug|Win32.ActiveCfg = Debug|Win32
		{6AD02856-FECF-49B1-A553-5763B7207A00}.Debug|Win32.Build.0 = Debug|Win32
		{6AD02856-FECF-49B1-A553-5763B7207A00}.Debug|x64.ActiveCfg = Debug|x64
		{6AD02856-FECF-49B1-A553-5763B7207A00}.Debug|x64.Build.0 = Debug|x64
		{6AD02856-FECF-49B1-A553-5763B7207A00}.Debug|x86.ActiveCfg = Debug|Win32
		{6AD02856-FECF-49B1-A553-5763B7207A00}.Debug|x86.Build.0 = Debug|Win32
		{6AD02856-FECF-49B1-A553-5763B7207A00}.MinSizeRel|Win32.ActiveCfg = Release|Win32
		{6AD02856-FECF-49B1-A553-5763B7207A00}.MinSizeRel|Win32.Build.0 = Release|Win32
		{6AD02856-FECF-49B1-A553-5763B7207A00}.MinSizeRel|x64.ActiveCfg = Release|x64
		{6AD02856-FECF-49B1-A553-5763B7207A00}.MinSizeRel|x64.Build.0 = Release|x64
		{6AD02856-FECF-49B1-A553-5763B7207A00}.MinSizeRel|x86.ActiveCfg = Release|Win32
		{6AD02856-FECF-49B1-A553-5763B7207A00}.MinSizeRel|x86.Build.0 = Release|Win32
		{6AD02856-FECF-49B1-A553-5763B7207A00}.Release|Win32.ActiveCfg = Release|Win32
		{6AD02856-FECF-49B1-A553-5763B7207A00}.Release|Win32.Build.0 = Release|Win32
		{6AD02856-FECF-49B1-A553-5763B7207A00}.Release|x64.ActiveCfg = Release|x64
		{6AD02856-FECF-49B1-A553-5763B7207A00}.Release|x64.Build.0 = Release|x64
		{6AD02856-FECF-49B1-A553-5763B7207A00}.Release|x86.ActiveCfg = Release|Win32
		{6AD02856-FECF-49B1-A553-5763B7207A00}.Release|x86.Build.0 = Release|Win32
		{6AD02856-FECF-49B1-A553-5763B7207A00}.RelWithDebInfo|Win32.ActiveCfg = Release|Win32
		{6AD02856-FECF-49B1-A553-5763B7207A00}.RelWithDebInfo|Win32.Build.0 = Release|Win32
		{6AD02856-FECF-49B1-A553-5763B7207A00}.RelWithDebInfo|x64.ActiveCfg = Release|x64
		{6AD02856-FECF-49B1-A553-5763B7207A00}.RelWithDebInfo|x64.Build.0 = Release|x64
		{6AD02856-FECF-49B1-A553-5763B7207A00}.RelWithDebInfo|x86.ActiveCfg = Release|Win32
		{6AD02856-FECF-49B1-A553-5763B7207A00}.RelWithDebInfo|x86.Build.0 = Release|Win32
		{983BA8F0-73F6-41AA-B41A-B9F4DE771982}.Debug|Win32.ActiveCfg = Debug|Win32
		{983BA8F0-73F6-41AA-B41A-B9F4DE771982}.Debug|Win32.Build.0 = Debug|Win32
		{983BA8F0-73F6-41AA-B41A-B9F4DE771982}.Debug|x64.ActiveCfg = Debug|x64
		{983BA8F0-73F6-41AA-B41A-B9F4DE771982}.Debug|x64.Build.0 = Debug|x64
		{983BA8F0-73F6-41AA-B41A-B9F4DE771982}.Debug|x86.ActiveCfg = Debug|Win32
		{983BA8F0-73F6-41AA-B41A-B9F4DE771982}.Debug|x86.Build.0 = Debug|Win32
		{983BA8F0-73F6-41AA-B41A-B9F4DE771982}.MinSizeRel|Win32.ActiveCfg = Release|Win32
		{983BA8F0-73F6-41AA-B41A-B9F4DE771982}.MinSizeRel|Win32.Build.0 = Release|Win32
		{983BA8F0-73F6-41AA-B41A-B9F4DE771982}.MinSizeRel|x64.ActiveCfg = Release|x64
		{983BA8F0-73F6-41AA-B41A-B9F4DE771982}.MinSizeRel|x64.Build.0 = Release|x64
		{983BA8F0-73F6-41AA-B41A-B9F4DE771982}.MinSizeRel|x86.ActiveCfg = Release|Win32
		{983BA8F0-73F6-41AA-B41A-B9F4DE771982}.MinSizeRel|x86.Build.0 = Release|Win32
		{983BA8F0-73F6-41AA-B41A-B9F4DE771982}.Release|Win32.ActiveCfg = Release|Win32
		{983BA8F0-73F6-41AA-B41A-B9F4DE771982}.Release|Win32.Build.0 = Release|Win32
		{983BA8F0-73F6-41AA-B41A-B9F4DE771982}.Release|x64.ActiveCfg = Release|x64
		{983BA8F0-73F6-41AA-B41A-B9F4DE771982}.Release|x64.Build.0 = Release|x64
		{983BA8F0-73F6-41AA-B41A-B9F4DE771982}.Release|x86.ActiveCfg = Release|Win32
		{983BA8F0-73F6-41AA-B41A-B9F4DE771982}.Release|x86.Build.0 = Release|Win32
		{983BA8F0-73F6-41AA-B41A-B9F4DE771982}.RelWithDebInfo|Win32.ActiveCfg = Release|Win32
		{983BA8F0-73F6-41AA-B41A-B9F4DE771982}.RelWithDebInfo|Win32.Build.0 = Release|Win32
		{983BA8F0-73F6-41AA-B41A-B9F4DE771982}.RelWithDebInfo|x64.ActiveCfg = Release|x64
		{983BA8F0-73F6-41AA-B41A-B9F4DE771982}.RelWithDebInfo|x64.Build.0 = Release|x64
		{983BA8F0-73F6-41AA-B41A-B9F4DE771982}.RelWithDebInfo|x86.ActiveCfg = Release|Win32
		{983BA8F0-73F6-41AA-B41A-B9F4DE771982}.RelWithDebInfo|x86.Build.0 = Release|Win32
		{75F4F85E-1028-4F78-B3CD-7BB7522C8939}.Debug|Win32.ActiveCfg = Debug|Win32
		{75F4F85E-1028-4F78-B3CD-7BB7522C8939}.Debug|Win32.Build.0 = Debug|Win32
		{75F4F85E-1028-4F78-B3CD-7BB7522C8939}.Debug|x64.ActiveCfg = Debug|x64
		{75F4F85E-1028-4F78-B3CD-7BB7522C8939}.Debug|x64.Build.0 = Debug|x64
		{75F4F85E-1028-4F78-B3CD-7BB7522C8939}.Debug|x86.ActiveCfg = Debug|Win32
		{75F4F85E-1028-4F78-B3CD-7BB7522C8939}.Debug|x86.Build.0 = Debug|Win32
		{75F4F85E-1028-4F78-B3CD-7BB7522C8939}.MinSizeRel|Win32.ActiveCfg = Release|Win32
		{75F4F85E-1028-4F78-B3CD-7BB7522C8939}.MinSizeRel|Win32.Build.0 = Release|Win32
		{75F4F85E-1028-4F78-B3CD-7BB7522C8939}.MinSizeRel|x64.ActiveCfg = Release|x64
		{75F4F85E-1028-4F78-B3CD-7BB7522C8939}.MinSizeRel|x64.Build.0 = Release|x64
		{75F4F85E-1028-4F78-B3CD-7BB7522C8939}.MinSizeRel|x86.ActiveCfg = Release|Win32
		{75F4F85E-1028-4F78-B3CD-7BB7522C8939}.MinSizeRel|x86.Build.0 = Release|Win32
		{75F4F85E-1028-4F78-B3CD-7BB7522C8939}.Release|Win32.ActiveCfg = Release|Win32
		{75F4F85E-1028-4F78-B3CD-7BB7522C8939}.Release|Win32.Build.0 = Release|Win32
		{75F4F85E-1028-4F78-B3CD-7BB7522C8939}.Release|x64.ActiveCfg = Release|x64
		{75F4F85E-1028-4F78-B3CD-7BB7522C8939}.Release|x64.Build.0 = Release|x64
		{75F4F85E-1028-4F78-B3CD-7BB7522C8939}.Release|x86.ActiveCfg = Release|Win32
		{75F4F85E-1028-4F78-B3CD-7BB7522C8939}.Release|x86.Build.0 = Release|Win32
		{75F4F85E-1028-4F78-B3CD-7BB7522C8939}.RelWithDebInfo|Win32.ActiveCfg = Release|Win32
		{75F4F85E-1028-4F78-B3CD-7BB7522C8939}.RelWithDebInfo|Win32.Build.0 = Release|Win32
		{75F4F85E-1028-4F78-B3CD-7BB7522C8939}.RelWithDebInfo|x64.ActiveCfg = Release|x64
		{75F4F85E-1028-4F78-B3CD-7BB7522C8939}.RelWithDebInfo|x64.Build.0 = Release|x64
		{75F4F85E-1028-4F78-B3CD-7BB7522C8939}.RelWithDebInfo|x86.ActiveCfg = Release|Win32
		{75F4F85E-1028-4F78-B3CD-7BB7522C8939}.RelWithDebInfo|x86.Build.0 = Release|Win32
		{F3A521CF-EB9D-4BC3-96B2-D3082257F458}.Debug|Win32.ActiveCfg = Debug|Win32
		{F3A521CF-EB9D-4BC3-96B2-D3082257F458}.Debug|Win32.Build.0 = Debug|Win32
		{F3A521CF-EB9D-4BC3-96B2-D3082257F458}.Debug|x64.ActiveCfg = Debug|x64
		{F3A521CF-EB9D-4BC3-96B2-D3082257F458}.Debug|x64.Build.0 = Debug|x64
		{F3A521CF-EB9D-4BC3-96B2-D3082257F458}.Debug|x86.ActiveCfg = Debug|Win32
		{F3A521CF-EB9D-4BC3-96B2-D3082257F458}.Debug|x86.Build.0 = Debug|Win32
		{F3A521CF-EB9D-4BC3-96B2-D3082257F458}.MinSizeRel|Win32.ActiveCfg = Release|Win32
		{F3A521CF-EB9D-4BC3-96B2-D3082257F458}.MinSizeRel|Win32.Build.0 = Release|Win32
		{F3A521CF-EB9D-4BC3-96B2-D3082257F458}.MinSizeRel|x64.ActiveCfg = Release|x64
		{F3A521CF-EB9D-4BC3-96B2-D3082257F458}.MinSizeRel|x64.Build.0 = Release|x64
		{F3A521CF-EB9D-4BC3-96B2-D3082257F458}.MinSizeRel|x86.ActiveCfg = Release|Win32
		{F3A521CF-EB9D-4BC3-96B2-D3082257F458}.MinSizeRel|x86.Build.0 = Release|Win32
		{F3A521CF-EB9D-4BC3-96B2-D3082257F458}.Release|Win32.ActiveCfg = Release|Win32
		{F3A521CF-EB9D-4BC3-96B2-D3082257F458}.Release|Win32.Build.0 = Release|Win32
		{F3A521CF-EB9D-4BC3-96B2-D3082257F458}.Release|x64.ActiveCfg = Release|x64
		{F3A521CF-EB9D-4BC3-96B2-D3082257F458}.Release|x64.Build.0 = Release|x64
		{F3A521CF-EB9D-4BC3-96B2-D3082257F458}.Release|x86.ActiveCfg = Release|Win32
		{F3A521CF-EB9D-4BC3-96B2-D3082257F458}.Release|x86.Build.0 = Release|Win32
		{F3A521CF-EB9D-4BC3-96B2-D3082257F458}.RelWithDebInfo|Win32.ActiveCfg = Release|Win32
		{F3A521CF-EB9D-4BC3-96B2-D3082257F458}.RelWithDebInfo|Win32.Build.0 = Release|Win32
		{F3A521CF-EB9D-4BC3-96B2-D3082257F458}.RelWithDebInfo|x64.ActiveCfg = Release|x64
		{F3A521CF-EB9D-4BC3-96B2-D3082257F458}.RelWithDebInfo|x64.Build.0 = Release|x64
		{F3A521CF-EB9D-4BC3-96B2-D3082257F458}.RelWithDebInfo|x86.ActiveCfg = Release|Win32
		{F3A521CF-EB9D-4BC3-96B2-D3082257F458}.RelWithDebInfo|x86.Build.0 = Release|Win32
		{B98BDCF5-96DC-4C9F-AF21-525A3A01E640}.Debug|Win32.ActiveCfg = Debug|Win32
		{B98BDCF5-96DC-4C9F-AF21-525A3A01E640}.Debug|Win32.Build.0 = Debug|Win32
		{B98BDCF5-96DC-4C9F-AF21-525A3A01E640}.Debug|x64.ActiveCfg = Debug|x64
		{B98BDCF5-96DC-4C9F-AF21-525A3A01E640}.Debug|x64.Build.0 = Debug|x64
		{B98BDCF5-96DC-4C9F-AF21-525A3A01E640}.Debug|x86.ActiveCfg = Debug|Win32
		{B98BDCF5-96DC-4C9F-AF21-525A3A01E640}.Debug|x86.Build.0 = Debug|Win32
		{B98BDCF5-96DC-4C9F-AF21-525A3A01E640}.MinSizeRel|Win32.ActiveCfg = Release|Win32
		{B98BDCF5-96DC-4C9F-AF21-525A3A01E640}.MinSizeRel|Win32.Build.0 = Release|Win32
		{B98BDCF5-96DC-4C9F-AF21-525A3A01E640}.MinSizeRel|x64.ActiveCfg = Release|x64
		{B98BDCF5-96DC-4C9F-AF21-525A3A01E640}.MinSizeRel|x64.Build.0 = Release|x64
		{B98BDCF5-96DC-4C9F-AF21-525A3A01E640}.MinSizeRel|x86.ActiveCfg = Release|Win32
		{B98BDCF5-96DC-4C9F-AF21-525A3A01E640}.MinSizeRel|x86.Build.0 = Release|Win32
		{B98BDCF5-96DC-4C9F-AF21-525A3A01E640}.Release|Win32.ActiveCfg = Release|Win32
		{B98BDCF5-96DC-4C9F-AF21-525A3A01E640}.Release|Win32.Build.0 = Release|Win32
		{B98BDCF5-96DC-4C9F-AF21-525A3A01E640}.Release|x64.ActiveCfg = Release|x64
		{B98BDCF5-96DC-4C9F-AF21-525A3A01E640}.Release|x64.Build.0 = Release|x64
		{B98BDCF5-96DC-4C9F-AF21-525A3A01E640}.Release|x86.ActiveCfg = Release|Win32
		{B98BDCF5-96DC-4C9F-AF21-525A3A01E640}.Release|x86.Build.0 = Release|Win32
		{B98BDCF5-96DC-4C9F-AF21-525A3A01E640}.RelWithDebInfo|Win32.ActiveCfg = Release|Win32
		{B98BDCF5-96DC-4C9F-AF21-525A3A01E640}.RelWithDebInfo|Win32.Build.0 = Release|Win32
		{B98BDCF5-96DC-4C9F-AF21-525A3A01E640}.RelWithDebInfo|x64.ActiveCfg = Release|x64
		{B98BDCF5-96DC-4C9F-AF21-525A3A01E640}.RelWithDebInfo|x64.Build.0 = Release|x64
		{B98BDCF5-96DC-4C9F-AF21-525A3A01E640}.RelWithDebInfo|x86.ActiveCfg = Release|Win32
		{B98BDCF5-96DC-4C9F-AF21-525A3A01E640}.RelWithDebInfo|x86.Build.0 = Release|Win32
		{F88A62C2-29AC-4907-B35E-3B84D214BF7F}.Debug|Win32.ActiveCfg = Debug|Win32
		{F88A62C2-29AC-4907-B35E-3B84D214BF7F}.Debug|Win32.Build.0 = Debug|Win32
		{F88A62C2-29AC-4907-B35E-3B84D214BF7F}.Debug|x64.ActiveCfg = Debug|x64
		{F88A62C2-29AC-4907-B35E-3B84D214BF7F}.Debug|x64.Build.0 = Debug|x64
		{F88A62C2-29AC-4907-B35E-3B84D214BF7F}.Debug|x86.ActiveCfg = Debug|Win32
		{F88A62C2-29AC-4907-B35E-3B84D214BF7F}.Debug|x86.Build.0 = Debug|Win32
		{F88A62C2-29AC-4907-B35E-3B84D214BF7F}.MinSizeRel|Win32.ActiveCfg = Release|Win32
		{F88A62C2-29AC-4907-B35E-3B84D214BF7F}.MinSizeRel|Win32.Build.0 = Release|Win32
		{F88A62C2-29AC-4907-B35E-3B84D214BF7F}.MinSizeRel|x64.ActiveCfg = Release|x64
		{F88A62C2-29AC-4907-B35E-3B84D214BF7F}.MinSizeRel|x64.Build.0 = Release|x64
		{F88A62C2-29AC-4907-B35E-3B84D214BF7F}.MinSizeRel|x86.ActiveCfg = Release|Win32
		{F88A62C2-29AC-4907-B35E-3B84D214BF7F}.MinSizeRel|x86.Build.0 = Release|Win32
		{F88A62C2-29AC-4907-B35E-3B84D214BF7F}.Release|Win32.ActiveCfg = Release|Win32
		{F88A62C2-29AC-4907-B35E-3B84D214BF7F}.Release|Win32.Build.0 = Release|Win32
		{F88A62C2-29AC-4907-B35E-3B84D214BF7F}.Release|x64.ActiveCfg = Release|x64
		{F88A62C2-29AC-4907-B35E-3B84D214BF7F}.Release|x64.Build.0 = Release|x64
		{F88A62C2-29AC-4907-B35E-3B84D214BF7F}.Release|x86.ActiveCfg = Release|Win32
		{F88A62C2-29AC-4907-B35E-3B84D214BF7F}.Release|x86.Build.0 = Release|Win32
		{F88A62C2-29AC-4907-B35E-3B84D214BF7F}.RelWithDebInfo|Win32.ActiveCfg = Release|Win32
		{F88A62C2-29AC-4907-B35E-3B84D214BF7F}.RelWithDebInfo|Win32.Build.0 = Release|Win32
		{F88A62C2-29AC-4907-B35E-3B84D214BF7F}.RelWithDebInfo|x64.ActiveCfg = Release|x64
		{F88A62C2-29AC-4907-B35E-3B84D214BF7F}.RelWithDebInfo|x64.Build.0 = Release|x64
		{F88A62C2-29AC-4907-B35E-3B84D214BF7F}.RelWithDebInfo|x86.ActiveCfg = Release|Win32
		{F88A62C2-29AC-4907-B35E-3B84D214BF7F}.RelWithDebInfo|x86.Build.0 = Release|Win32
		{73F9AA14-9582-4ACD-906F-B34331D19209}.Debug|Win32.ActiveCfg = Debug|Win32
		{73F9AA14-9582-4ACD-906F-B34331D19209}.Debug|Win32.Build.0 = Debug|Win32
		{73F9AA14-9582-4ACD-906F-B34331D19209}.Debug|x64.ActiveCfg = Debug|x64
		{73F9AA14-9582-4ACD-906F-B34331D19209}.Debug|x64.Build.0 = Debug|x64
		{73F9AA14-9582-4ACD-906F-B34331D19209}.Debug|x86.ActiveCfg = Debug|Win32
		{73F9AA14-9582-4ACD-906F-B34331D19209}.Debug|x86.Build.0 = Debug|Win32
		{73F9AA14-9582-4ACD-906F-B34331D19209}.MinSizeRel|Win32.ActiveCfg = Release|Win32
		{73F9AA14-9582-4ACD-906F-B34331D19209}.MinSizeRel|Win32.Build.0 = Release|Win32
		{73F9AA14-9582-4ACD-906F-B34331D19209}.MinSizeRel|x64.ActiveCfg = Release|x64
		{73F9AA14-9582-4ACD-906F-B34331D19209}.MinSizeRel|x64.Build.0 = Release|x64
		{73F9AA14-9582-4ACD-906F-B34331D19209}.MinSizeRel|x86.ActiveCfg = Release|Win32
		{73F9AA14-9582-4ACD-906F-B34331D19209}.MinSizeRel|x86.Build.0 = Release|Win32
		{73F9AA14-9582-4ACD-906F-B34331D19209}.Release|Win32.ActiveCfg = Release|Win32
		{73F9AA14-9582-4ACD-906F-B34331D19209}.Release|Win32.Build.0 = Release|Win32
		{73F9AA14-9582-4ACD-906F-B34331D19209}.Release|x64.ActiveCfg = Release|x64
		{73F9AA14-9582-4ACD-906F-B34331D19209}.Release|x64.Build.0 = Release|x64
		{73F9AA14-9582-4ACD-906F-B34331D19209}.Release|x86.ActiveCfg = Release|Win32
		{73F9AA14-9582-4ACD-906F-B34331D19209}.Release|x86.Build.0 = Release|Win32
		{73F9AA14-9582-4ACD-906F-B34331D19209}.RelWithDebInfo|Win32.ActiveCfg = Release|Win32
		{73F9AA14-9582-4ACD-906F-B34331D19209}.RelWithDebInfo|Win32.Build.0 = Release|Win32
		{73F9AA14-9582-4ACD-906F-B34331D19209}.RelWithDebInfo|x64.ActiveCfg = Release|x64
		{73F9AA14-9582-4ACD-906F-B34331D19209}.RelWithDebInfo|x64.Build.0 = Release|x64
		{73F9AA14-9582-4ACD-906F-B34331D19209}.RelWithDebInfo|x86.ActiveCfg = Release|Win32
		{73F9AA14-9582-4ACD-906F-B34331D19209}.RelWithDebInfo|x86.Build.0 = Release|Win32
		{873C297B-4C90-47FD-A862-8C951CF90866}.Debug|Win32.ActiveCfg = Debug|Win32
		{873C297B-4C90-47FD-A862-8C951CF90866}.Debug|Win32.Build.0 = Debug|Win32
		{873C297B-4C90-47FD-A862-8C951CF90866}.Debug|x64.ActiveCfg = Debug|x64
		{873C297B-4C90-47FD-A862-8C951CF90866}.Debug|x64.Build.0 = Debug|x64
		{873C297B-4C90-47FD-A862-8C951CF90866}.Debug|x86.ActiveCfg = Debug|Win32
		{873C297B-4C90-47FD-A862-8C951CF90866}.Debug|x86.Build.0 = Debug|Win32
		{873C297B-4C90-47FD-A862-8C951CF90866}.MinSizeRel|Win32.ActiveCfg = Release|Win32
		{873C297B-4C90-47FD-A862-8C951CF90866}.MinSizeRel|Win32.Build.0 = Release|Win32
		{873C297B-4C90-47FD-A862-8C951CF90866}.MinSizeRel|x64.ActiveCfg = Release|x64
		{873C297B-4C90-47FD-A862-8C951CF90866}.MinSizeRel|x64.Build.0 = Release|x64
		{873C297B-4C90-47FD-A862-8C951CF90866}.MinSizeRel|x86.ActiveCfg = Release|Win32
		{873C297B-4C90-47FD-A862-8C951CF90866}.MinSizeRel|x86.Build.0 = Release|Win32
		{873C297B-4C90-47FD-A862-8C951CF90866}.Release|Win32.ActiveCfg = Release|Win32
		{873C297B-4C90-47FD-A862-8C951CF90866}.Release|Win32.Build.0 = Release|Win32
		{873C297B-4C90-47FD-A862-8C951CF90866}.Release|x64.ActiveCfg = Release|x64
		{873C297B-4C90-47FD-A862-8C951CF90866}.Release|x64.Build.0 = Release|x64
		{873C297B-4C90-47FD-A862-8C951CF90866}.Release|x86.ActiveCfg = Release|Win32
		{873C297B-4C90-47FD-A862-8C951CF90866}.Release|x86.Build.0 = Release|Win32
		{873C297B-4C90-47FD-A862-8C951CF90866}.RelWithDebInfo|Win32.ActiveCfg = Release|Win32
		{873C297B-4C90-47FD-A862-8C951CF90866}.RelWithDebInfo|Win32.Build.0 = Release|Win32
		{873C297B-4C90-47FD-A862-8C951CF90866}.RelWithDebInfo|x64.ActiveCfg = Release|x64
		{873C297B-4C90-47FD-A862-8C951CF90866}.RelWithDebInfo|x64.Build.0 = Release|x64
		{873C297B-4C90-47FD-A862-8C951CF90866}.RelWithDebInfo|x86.ActiveCfg = Release|Win32
		{873C297B-4C90-47FD-A862-8C951CF90866}.RelWithDebInfo|x86.Build.0 = Release|Win32
		{CA153F70-ECED-459D-9BC9-7C7715127483}.Debug|Win32.ActiveCfg = Debug|Win32
		{CA153F70-ECED-459D-9BC9-7C7715127483}.Debug|Win32.Build.0 = Debug|Win32
		{CA153F70-ECED-459D-9BC9-7C7715127483}.Debug|x64.ActiveCfg = Debug|x64
		{CA153F70-ECED-459D-9BC9-7C7715127483}.Debug|x64.Build.0 = Debug|x64
		{CA153F70-ECED-459D-9BC9-7C7715127483}.Debug|x86.ActiveCfg = Debug|Win32
		{CA153F70-ECED-459D-9BC9-7C7715127483}.Debug|x86.Build.0 = Debug|Win32
		{CA153F70-ECED-459D-9BC9-7C7715127483}.MinSizeRel|Win32.ActiveCfg = Release|Win32
		{CA153F70-ECED-459D-9BC9-7C7715127483}.MinSizeRel|Win32.Build.0 = Release|Win32
		{CA153F70-ECED-459D-9BC9-7C7715127483}.MinSizeRel|x64.ActiveCfg = Release|x64
		{CA153F70-ECED-459D-9BC9-7C7715127483}.MinSizeRel|x64.Build.0 = Release|x64
		{CA153F70-ECED-459D-9BC9-7C7715127483}.MinSizeRel|x86.ActiveCfg = Release|Win32
		{CA153F70-ECED-459D-9BC9-7C7715127483}.MinSizeRel|x86.Build.0 = Release|Win32
		{CA153F70-ECED-459D-9BC9-7C7715127483}.Release|Win32.ActiveCfg = Release|Win32
		{CA153F70-ECED-459D-9BC9-7C7715127483}.Release|Win32.Build.0 = Release|Win32
		{CA153F70-ECED-459D-9BC9-7C7715127483}.Release|x64.ActiveCfg = Release|x64
		{CA153F70-ECED-459D-9BC9-7C7715127483}.Release|x64.Build.0 = Release|x64
		{CA153F70-ECED-459D-9BC9-7C7715127483}.Release|x86.ActiveCfg = Release|Win32
		{CA153F70-ECED-459D-9BC9-7C7715127483}.Release|x86.Build.0 = Release|Win32
		{CA153F70-ECED-459D-9BC9-7C7715127483}.RelWithDebInfo|Win32.ActiveCfg = Release|Win32
		{CA153F70-ECED-459D-9BC9-7C7715127483}.RelWithDebInfo|Win32.Build.0 = Release|Win32
		{CA153F70-ECED-459D-9BC9-7C7715127483}.RelWithDebInfo|x64.ActiveCfg = Release|x64
		{CA153F70-ECED-459D-9BC9-7C7715127483}.RelWithDebInfo|x64.Build.0 = Release|x64
		{CA153F70-ECED-459D-9BC9-7C7715127483}.RelWithDebInfo|x86.ActiveCfg = Release|Win32
		{CA153F70-ECED-459D-9BC9-7C7715127483}.RelWithDebInfo|x86.Build.0 = Release|Win32
		{0AB16C9D-3A3D-4FAF-BB30-193BB1E0E405}.Debug|Win32.ActiveCfg = Debug|Win32
		{0AB16C9D-3A3D-4FAF-BB30-193BB1E0E405}.Debug|Win32.Build.0 = Debug|Win32
		{0AB16C9D-3A3D-4FAF-BB30-193BB1E0E405}.Debug|x64.ActiveCfg = Debug|x64
		{0AB16C9D-3A3D-4FAF-BB30-193BB1E0E405}.Debug|x64.Build.0 = Debug|x64
		{0AB16C9D-3A3D-4FAF-BB30-193BB1E0E405}.Debug|x86.ActiveCfg = Debug|Win32
		{0AB16C9D-3A3D-4FAF-BB30-193BB1E0E405}.Debug|x86.Build.0 = Debug|Win32
		{0AB16C9D-3A3D-4FAF-BB30-193BB1E0E405}.MinSizeRel|Win32.ActiveCfg = Release|Win32
		{0AB16C9D-3A3D-4FAF-BB30-193BB1E0E405}.MinSizeRel|Win32.Build.0 = Release|Win32
		{0AB16C9D-3A3D-4FAF-BB30-193BB1E0E405}.MinSizeRel|x64.ActiveCfg = Release|x64
		{0AB16C9D-3A3D-4FAF-BB30-193BB1E0E405}.MinSizeRel|x64.Build.0 = Release|x64
		{0AB16C9D-3A3D-4FAF-BB30-193BB1E0E405}.MinSizeRel|x86.ActiveCfg = Release|Win32
		{0AB16C9D-3A3D-4FAF-BB30-193BB1E0E405}.MinSizeRel|x86.Build.0 = Release|Win32
		{0AB16C9D-3A3D-4FAF-BB30-193BB1E0E405}.Release|Win32.ActiveCfg = Release|Win32
		{0AB16C9D-3A3D-4FAF-BB30-193BB1E0E405}.Release|Win32.Build.0 = Release|Win32
		{0AB16C9D-3A3D-4FAF-BB30-193BB1E0E405}.Release|x64.ActiveCfg = Release|x64
		{0AB16C9D-3A3D-4FAF-BB30-193BB1E0E405}.Release|x64.Build.0 = Release|x64
		{0AB16C9D-3A3D-4FAF-BB30-193BB1E0E405}.Release|x86.ActiveCfg = Release|Win32
		{0AB16C9D-3A3D-4FAF-BB30-193BB1E0E405}.Release|x86.Build.0 = Release|Win32
		{0AB16C9D-3A3D-4FAF-BB30-193BB1E0E405}.RelWithDebInfo|Win32.ActiveCfg = Release|Win32
		{0AB16C9D-3A3D-4FAF-BB30-193BB1E0E405}.RelWithDebInfo|Win32.Build.0 = Release|Win32
		{0AB16C9D-3A3D-4FAF-BB30-193BB1E0E405}.RelWithDebInfo|x64.ActiveCfg = Release|x64
		{0AB16C9D-3A3D-4FAF-BB30-193BB1E0E405}.RelWithDebInfo|x64.Build.0 = Release|x64
		{0AB16C9D-3A3D-4FAF-BB30-193BB1E0E405}.RelWithDebInfo|x86.ActiveCfg = Release|Win32
		{0AB16C9D-3A3D-4FAF-BB30-193BB1E0E405}.RelWithDebInfo|x86.Build.0 = Release|Win32
	EndGlobalSection
	GlobalSection(SolutionProperties) = preSolution
		HideSolutionNode = FALSE
	EndGlobalSection
	GlobalSection(NestedProjects) = preSolution
		{CF80EE93-DD8A-4F24-8541-328210BB9EC3} = {7FD23BAA-5718-4950-9FF5-916DDE7B47F2}
		{B2AB67DE-B7FA-42BA-B060-959487392AEA} = {C9CDD78F-D300-48E5-85D6-D5E2DB34E988}
		{BDF98E69-FC1B-4010-B9D7-8DB75E26A245} = {C9CDD78F-D300-48E5-85D6-D5E2DB34E988}
		{27A8B6EA-2D8E-4A30-8C71-FAC81A3519CD} = {7FD23BAA-5718-4950-9FF5-916DDE7B47F2}
		{384AA2D7-6A74-4907-A479-2E358F97142A} = {085CC70B-DDF3-477C-AB16-8061ABB1D52F}
		{9CE633CC-191F-4F2A-919B-9615A449191F} = {085CC70B-DDF3-477C-AB16-8061ABB1D52F}
		{6AD02856-FECF-49B1-A553-5763B7207A00} = {085CC70B-DDF3-477C-AB16-8061ABB1D52F}
		{983BA8F0-73F6-41AA-B41A-B9F4DE771982} = {085CC70B-DDF3-477C-AB16-8061ABB1D52F}
		{75F4F85E-1028-4F78-B3CD-7BB7522C8939} = {085CC70B-DDF3-477C-AB16-8061ABB1D52F}
		{F3A521CF-EB9D-4BC3-96B2-D3082257F458} = {085CC70B-DDF3-477C-AB16-8061ABB1D52F}
		{B98BDCF5-96DC-4C9F-AF21-525A3A01E640} = {085CC70B-DDF3-477C-AB16-8061ABB1D52F}
		{F88A62C2-29AC-4907-B35E-3B84D214BF7F} = {085CC70B-DDF3-477C-AB16-8061ABB1D52F}
		{73F9AA14-9582-4ACD-906F-B34331D19209} = {085CC70B-DDF3-477C-AB16-8061ABB1D52F}
		{873C297B-4C90-47FD-A862-8C951CF90866} = {085CC70B-DDF3-477C-AB16-8061ABB1D52F}
		{CA153F70-ECED-459D-9BC9-7C7715127483} = {085CC70B-DDF3-477C-AB16-8061ABB1D52F}
		{0AB16C9D-3A3D-4FAF-BB30-193BB1E0E405} = {7FD23BAA-5718-4950-9FF5-916DDE7B47F2}
	EndGlobalSection
	GlobalSection(ExtensibilityGlobals) = postSolution
		SolutionGuid = {4576FA5D-5B2F-3155-B87E-353B0D945A76}
	EndGlobalSection
EndGlobal
