<?xml version="1.0" encoding="utf-8"?>
<Project ToolsVersion="4.0" xmlns="http://schemas.microsoft.com/developer/msbuild/2003">
  <ItemGroup>
    <Filter Include="Source Files">
      <UniqueIdentifier>{4FC737F1-C7A5-4376-A066-2A32D752A2FF}</UniqueIdentifier>
      <Extensions>cpp;c;cc;cxx;def;odl;idl;hpj;bat;asm;asmx</Extensions>
    </Filter>
    <Filter Include="Header Files">
      <UniqueIdentifier>{93995380-89BD-4b04-88EB-625FBE52EBFB}</UniqueIdentifier>
      <Extensions>h;hh;hpp;hxx;hm;inl;inc;ipp;xsd</Extensions>
    </Filter>
    <Filter Include="Resource Files">
      <UniqueIdentifier>{67DA6AB6-F800-4c08-8B7A-83BB121AAD01}</UniqueIdentifier>
      <Extensions>rc;ico;cur;bmp;dlg;rc2;rct;bin;rgs;gif;jpg;jpeg;jpe;resx;tiff;tif;png;wav;mfcribbon-ms</Extensions>
    </Filter>
    <Filter Include="common">
      <UniqueIdentifier>{f73b98ba-75b9-4980-a636-e67d164fe4b4}</UniqueIdentifier>
    </Filter>
    <Filter Include="shaders">
      <UniqueIdentifier>{28588e66-8e95-4329-ad38-61728634fbbc}</UniqueIdentifier>
    </Filter>
  </ItemGroup>
  <ItemGroup>
    <None Include="packages.config" />
    <None Include="shaders\fragmentshader.fragmentshader">
      <Filter>shaders</Filter>
    </None>
    <None Include="shaders\vertexshader.vertexshader">
      <Filter>shaders</Filter>
    </None>
  </ItemGroup>
  <ItemGroup>
    <ClCompile Include="OpenGLTest.cpp">
      <Filter>Source Files</Filter>
    </ClCompile>
    <ClCompile Include="common\shader.cpp">
      <Filter>common</Filter>
    </ClCompile>
    <ClCompile Include="common\tangentspace.cpp">
      <Filter>common</Filter>
    </ClCompile>
    <ClCompile Include="common\text2D.cpp">
      <Filter>common</Filter>
    </ClCompile>
    <ClCompile Include="common\texture.cpp">
      <Filter>common</Filter>
    </ClCompile>
    <ClCompile Include="common\vboindexer.cpp">
      <Filter>common</Filter>
    </ClCompile>
    <ClCompile Include="common\controls.cpp">
      <Filter>common</Filter>
    </ClCompile>
    <ClCompile Include="common\objloader.cpp">
      <Filter>common</Filter>
    </ClCompile>
    <ClCompile Include="common\quaternion_utils.cpp">
      <Filter>common</Filter>
    </ClCompile>
  </ItemGroup>
  <ItemGroup>
    <ClInclude Include="OpenGLTest.h">
      <Filter>Header Files</Filter>
    </ClInclude>
    <ClInclude Include="common\quaternion_utils.hpp">
      <Filter>common</Filter>
    </ClInclude>
    <ClInclude Include="common\shader.hpp">
      <Filter>common</Filter>
    </ClInclude>
    <ClInclude Include="common\tangentspace.hpp">
      <Filter>common</Filter>
    </ClInclude>
    <ClInclude Include="common\text2D.hpp">
      <Filter>common</Filter>
    </ClInclude>
    <ClInclude Include="common\texture.hpp">
      <Filter>common</Filter>
    </ClInclude>
    <ClInclude Include="common\vboindexer.hpp">
      <Filter>common</Filter>
    </ClInclude>
    <ClInclude Include="common\controls.hpp">
      <Filter>common</Filter>
    </ClInclude>
    <ClInclude Include="common\objloader.hpp">
      <Filter>common</Filter>
    </ClInclude>
  </ItemGroup>
</Project>